
Microsoft Visual Studio Solution File, Format Version 12.00
# Visual Studio Version 17
VisualStudioVersion = 17.3.32825.248
MinimumVisualStudioVersion = 10.0.40219.1
Project("{FAE04EC0-301F-11D3-BF4B-00C04F79EFBC}") = "5.2.Shopping List", "5.2.Shopping List\5.2.Shopping List.csproj", "{96959D89-93D1-4E21-8B09-1B42B3172459}"
EndProject
Global
	GlobalSection(SolutionConfigurationPlatforms) = preSolution
		Debug|Any CPU = Debug|Any CPU
		Release|Any CPU = Release|Any CPU
	EndGlobalSection
	GlobalSection(ProjectConfigurationPlatforms) = postSolution
		{96959D89-93D1-4E21-8B09-1B42B3172459}.Debug|Any CPU.ActiveCfg = Debug|Any CPU
		{96959D89-93D1-4E21-8B09-1B42B3172459}.Debug|Any CPU.Build.0 = Debug|Any CPU
		{96959D89-93D1-4E21-8B09-1B42B3172459}.Release|Any CPU.ActiveCfg = Release|Any CPU
		{96959D89-93D1-4E21-8B09-1B42B3172459}.Release|Any CPU.Build.0 = Release|Any CPU
	EndGlobalSection
	GlobalSection(SolutionProperties) = preSolution
		HideSolutionNode = FALSE
	EndGlobalSection
	GlobalSection(ExtensibilityGlobals) = postSolution
		SolutionGuid = {762A922E-C971-47B7-B7A2-56BF3141B87B}
	EndGlobalSection
EndGlobal
