
Microsoft Visual Studio Solution File, Format Version 12.00
# Visual Studio Version 17
VisualStudioVersion = 17.3.32825.248
MinimumVisualStudioVersion = 10.0.40219.1
Project("{9A19103F-16F7-4668-BE54-9A1E7A4F7556}") = "01. Convert Meters to Kilometers", "01. Convert Meters to Kilometers\01. Convert Meters to Kilometers.csproj", "{493A9675-2F29-4DE4-ABD4-CD87A0006FF6}"
EndProject
Project("{9A19103F-16F7-4668-BE54-9A1E7A4F7556}") = "02. Pounds to Dollars", "02. Pounds to Dollars\02. Pounds to Dollars.csproj", "{21851F13-54E5-4FD0-BFEF-6C439B4E1AE2}"
EndProject
Project("{9A19103F-16F7-4668-BE54-9A1E7A4F7556}") = "03. Exact Sum of Real Numbers", "03. Exact Sum of Real Numbers\03. Exact Sum of Real Numbers.csproj", "{4E2FC203-C346-4EE3-BB68-E09915AF7678}"
EndProject
Project("{9A19103F-16F7-4668-BE54-9A1E7A4F7556}") = "04. Centuries to Minutes", "04. Centuries to Minutes\04. Centuries to Minutes.csproj", "{C6BA9964-69C3-4A0F-999E-C3A6C28D567B}"
EndProject
Project("{9A19103F-16F7-4668-BE54-9A1E7A4F7556}") = "05. Special Numbers", "05. Special Numbers\05. Special Numbers.csproj", "{262D77F5-E637-44FB-B07D-33C70F5BAF5E}"
EndProject
Project("{9A19103F-16F7-4668-BE54-9A1E7A4F7556}") = "06. Reversed Chars", "06. Reversed Chars\06. Reversed Chars.csproj", "{B601FF10-8E24-4767-AE2E-F471657A2E80}"
EndProject
Project("{9A19103F-16F7-4668-BE54-9A1E7A4F7556}") = "07. Concat Names", "07. Concat Names\07. Concat Names.csproj", "{9C2E5944-6FE8-45C6-8E0F-7835E5CBE232}"
EndProject
Project("{9A19103F-16F7-4668-BE54-9A1E7A4F7556}") = "08. Town Info", "08. Town Info\08. Town Info.csproj", "{F578A051-F6B2-482B-A83A-BC49731E464E}"
EndProject
Project("{9A19103F-16F7-4668-BE54-9A1E7A4F7556}") = "09. Chars to String", "09. Chars to String\09. Chars to String.csproj", "{C7832EE1-F765-4775-AB55-EED171A0CF2E}"
EndProject
Project("{9A19103F-16F7-4668-BE54-9A1E7A4F7556}") = "10. Lower or Upper", "10. Lower or Upper\10. Lower or Upper.csproj", "{B85CD67F-A9D3-4DCB-B57F-6C52C220E92C}"
EndProject
Project("{9A19103F-16F7-4668-BE54-9A1E7A4F7556}") = "11. Refactor Volume of Pyramid", "11. Refactor Volume of Pyramid\11. Refactor Volume of Pyramid.csproj", "{83DEE278-8049-4DC7-9694-2F7E2F64B739}"
EndProject
Project("{FAE04EC0-301F-11D3-BF4B-00C04F79EFBC}") = "12. Refactor Special Numbers", "12. Refactor Special Numbers\12. Refactor Special Numbers.csproj", "{C781A92D-0248-4F58-B6DA-4E21D95BD94F}"
EndProject
Global
	GlobalSection(SolutionConfigurationPlatforms) = preSolution
		Debug|Any CPU = Debug|Any CPU
		Release|Any CPU = Release|Any CPU
	EndGlobalSection
	GlobalSection(ProjectConfigurationPlatforms) = postSolution
		{493A9675-2F29-4DE4-ABD4-CD87A0006FF6}.Debug|Any CPU.ActiveCfg = Debug|Any CPU
		{493A9675-2F29-4DE4-ABD4-CD87A0006FF6}.Debug|Any CPU.Build.0 = Debug|Any CPU
		{493A9675-2F29-4DE4-ABD4-CD87A0006FF6}.Release|Any CPU.ActiveCfg = Release|Any CPU
		{493A9675-2F29-4DE4-ABD4-CD87A0006FF6}.Release|Any CPU.Build.0 = Release|Any CPU
		{21851F13-54E5-4FD0-BFEF-6C439B4E1AE2}.Debug|Any CPU.ActiveCfg = Debug|Any CPU
		{21851F13-54E5-4FD0-BFEF-6C439B4E1AE2}.Debug|Any CPU.Build.0 = Debug|Any CPU
		{21851F13-54E5-4FD0-BFEF-6C439B4E1AE2}.Release|Any CPU.ActiveCfg = Release|Any CPU
		{21851F13-54E5-4FD0-BFEF-6C439B4E1AE2}.Release|Any CPU.Build.0 = Release|Any CPU
		{4E2FC203-C346-4EE3-BB68-E09915AF7678}.Debug|Any CPU.ActiveCfg = Debug|Any CPU
		{4E2FC203-C346-4EE3-BB68-E09915AF7678}.Debug|Any CPU.Build.0 = Debug|Any CPU
		{4E2FC203-C346-4EE3-BB68-E09915AF7678}.Release|Any CPU.ActiveCfg = Release|Any CPU
		{4E2FC203-C346-4EE3-BB68-E09915AF7678}.Release|Any CPU.Build.0 = Release|Any CPU
		{C6BA9964-69C3-4A0F-999E-C3A6C28D567B}.Debug|Any CPU.ActiveCfg = Debug|Any CPU
		{C6BA9964-69C3-4A0F-999E-C3A6C28D567B}.Debug|Any CPU.Build.0 = Debug|Any CPU
		{C6BA9964-69C3-4A0F-999E-C3A6C28D567B}.Release|Any CPU.ActiveCfg = Release|Any CPU
		{C6BA9964-69C3-4A0F-999E-C3A6C28D567B}.Release|Any CPU.Build.0 = Release|Any CPU
		{262D77F5-E637-44FB-B07D-33C70F5BAF5E}.Debug|Any CPU.ActiveCfg = Debug|Any CPU
		{262D77F5-E637-44FB-B07D-33C70F5BAF5E}.Debug|Any CPU.Build.0 = Debug|Any CPU
		{262D77F5-E637-44FB-B07D-33C70F5BAF5E}.Release|Any CPU.ActiveCfg = Release|Any CPU
		{262D77F5-E637-44FB-B07D-33C70F5BAF5E}.Release|Any CPU.Build.0 = Release|Any CPU
		{B601FF10-8E24-4767-AE2E-F471657A2E80}.Debug|Any CPU.ActiveCfg = Debug|Any CPU
		{B601FF10-8E24-4767-AE2E-F471657A2E80}.Debug|Any CPU.Build.0 = Debug|Any CPU
		{B601FF10-8E24-4767-AE2E-F471657A2E80}.Release|Any CPU.ActiveCfg = Release|Any CPU
		{B601FF10-8E24-4767-AE2E-F471657A2E80}.Release|Any CPU.Build.0 = Release|Any CPU
		{9C2E5944-6FE8-45C6-8E0F-7835E5CBE232}.Debug|Any CPU.ActiveCfg = Debug|Any CPU
		{9C2E5944-6FE8-45C6-8E0F-7835E5CBE232}.Debug|Any CPU.Build.0 = Debug|Any CPU
		{9C2E5944-6FE8-45C6-8E0F-7835E5CBE232}.Release|Any CPU.ActiveCfg = Release|Any CPU
		{9C2E5944-6FE8-45C6-8E0F-7835E5CBE232}.Release|Any CPU.Build.0 = Release|Any CPU
		{F578A051-F6B2-482B-A83A-BC49731E464E}.Debug|Any CPU.ActiveCfg = Debug|Any CPU
		{F578A051-F6B2-482B-A83A-BC49731E464E}.Debug|Any CPU.Build.0 = Debug|Any CPU
		{F578A051-F6B2-482B-A83A-BC49731E464E}.Release|Any CPU.ActiveCfg = Release|Any CPU
		{F578A051-F6B2-482B-A83A-BC49731E464E}.Release|Any CPU.Build.0 = Release|Any CPU
		{C7832EE1-F765-4775-AB55-EED171A0CF2E}.Debug|Any CPU.ActiveCfg = Debug|Any CPU
		{C7832EE1-F765-4775-AB55-EED171A0CF2E}.Debug|Any CPU.Build.0 = Debug|Any CPU
		{C7832EE1-F765-4775-AB55-EED171A0CF2E}.Release|Any CPU.ActiveCfg = Release|Any CPU
		{C7832EE1-F765-4775-AB55-EED171A0CF2E}.Release|Any CPU.Build.0 = Release|Any CPU
		{B85CD67F-A9D3-4DCB-B57F-6C52C220E92C}.Debug|Any CPU.ActiveCfg = Debug|Any CPU
		{B85CD67F-A9D3-4DCB-B57F-6C52C220E92C}.Debug|Any CPU.Build.0 = Debug|Any CPU
		{B85CD67F-A9D3-4DCB-B57F-6C52C220E92C}.Release|Any CPU.ActiveCfg = Release|Any CPU
		{B85CD67F-A9D3-4DCB-B57F-6C52C220E92C}.Release|Any CPU.Build.0 = Release|Any CPU
		{83DEE278-8049-4DC7-9694-2F7E2F64B739}.Debug|Any CPU.ActiveCfg = Debug|Any CPU
		{83DEE278-8049-4DC7-9694-2F7E2F64B739}.Debug|Any CPU.Build.0 = Debug|Any CPU
		{83DEE278-8049-4DC7-9694-2F7E2F64B739}.Release|Any CPU.ActiveCfg = Release|Any CPU
		{83DEE278-8049-4DC7-9694-2F7E2F64B739}.Release|Any CPU.Build.0 = Release|Any CPU
		{C781A92D-0248-4F58-B6DA-4E21D95BD94F}.Debug|Any CPU.ActiveCfg = Debug|Any CPU
		{C781A92D-0248-4F58-B6DA-4E21D95BD94F}.Debug|Any CPU.Build.0 = Debug|Any CPU
		{C781A92D-0248-4F58-B6DA-4E21D95BD94F}.Release|Any CPU.ActiveCfg = Release|Any CPU
		{C781A92D-0248-4F58-B6DA-4E21D95BD94F}.Release|Any CPU.Build.0 = Release|Any CPU
	EndGlobalSection
	GlobalSection(SolutionProperties) = preSolution
		HideSolutionNode = FALSE
	EndGlobalSection
	GlobalSection(ExtensibilityGlobals) = postSolution
		SolutionGuid = {B514C983-C418-409E-B46E-F270E773617A}
	EndGlobalSection
EndGlobal
